
Microsoft Visual Studio Solution File, Format Version 12.00
# Visual Studio 15
VisualStudioVersion = 15.0.28010.2026
MinimumVisualStudioVersion = 10.0.40219.1
Project("{FAE04EC0-301F-11D3-BF4B-00C04F79EFBC}") = "TextEditor", "TextEditor\TextEditor.csproj", "{4881CAD7-C48D-4068-A9B4-633BE21FA7A6}"
EndProject
Global
	GlobalSection(SolutionConfigurationPlatforms) = preSolution
		Debug|Any CPU = Debug|Any CPU
		Release|Any CPU = Release|Any CPU
	EndGlobalSection
	GlobalSection(ProjectConfigurationPlatforms) = postSolution
		{4881CAD7-C48D-4068-A9B4-633BE21FA7A6}.Debug|Any CPU.ActiveCfg = Debug|Any CPU
		{4881CAD7-C48D-4068-A9B4-633BE21FA7A6}.Debug|Any CPU.Build.0 = Debug|Any CPU
		{4881CAD7-C48D-4068-A9B4-633BE21FA7A6}.Release|Any CPU.ActiveCfg = Release|Any CPU
		{4881CAD7-C48D-4068-A9B4-633BE21FA7A6}.Release|Any CPU.Build.0 = Release|Any CPU
	EndGlobalSection
	GlobalSection(SolutionProperties) = preSolution
		HideSolutionNode = FALSE
	EndGlobalSection
	GlobalSection(ExtensibilityGlobals) = postSolution
		SolutionGuid = {1F22DBD3-8D0C-41EF-9F6F-D3FCA27EBD87}
	EndGlobalSection
EndGlobal
